
Microsoft Visual Studio Solution File, Format Version 12.00
# Visual Studio Version 17
VisualStudioVersion = 17.0.31410.414
MinimumVisualStudioVersion = 10.0.40219.1
Project("{FAE04EC0-301F-11D3-BF4B-00C04F79EFBC}") = "EventDriver.AzureFunctions", "EventDriver.AzureFunctions\EventDriver.AzureFunctions.csproj", "{92377412-E4D8-4501-BE2B-EE89FC63E2D9}"
EndProject
Project("{FAE04EC0-301F-11D3-BF4B-00C04F79EFBC}") = "EventDriver.AzureFunctions.Tests", "EventDriver.AzureFunctions.Tests\EventDriver.AzureFunctions.Tests.csproj", "{FE01C3BD-9819-40BF-98D0-21F60943DD7A}"
EndProject
Global
	GlobalSection(SolutionConfigurationPlatforms) = preSolution
		Debug|Any CPU = Debug|Any CPU
		Release|Any CPU = Release|Any CPU
	EndGlobalSection
	GlobalSection(ProjectConfigurationPlatforms) = postSolution
		{92377412-E4D8-4501-BE2B-EE89FC63E2D9}.Debug|Any CPU.ActiveCfg = Debug|Any CPU
		{92377412-E4D8-4501-BE2B-EE89FC63E2D9}.Debug|Any CPU.Build.0 = Debug|Any CPU
		{92377412-E4D8-4501-BE2B-EE89FC63E2D9}.Release|Any CPU.ActiveCfg = Release|Any CPU
		{92377412-E4D8-4501-BE2B-EE89FC63E2D9}.Release|Any CPU.Build.0 = Release|Any CPU
		{FE01C3BD-9819-40BF-98D0-21F60943DD7A}.Debug|Any CPU.ActiveCfg = Debug|Any CPU
		{FE01C3BD-9819-40BF-98D0-21F60943DD7A}.Debug|Any CPU.Build.0 = Debug|Any CPU
		{FE01C3BD-9819-40BF-98D0-21F60943DD7A}.Release|Any CPU.ActiveCfg = Release|Any CPU
		{FE01C3BD-9819-40BF-98D0-21F60943DD7A}.Release|Any CPU.Build.0 = Release|Any CPU
	EndGlobalSection
	GlobalSection(SolutionProperties) = preSolution
		HideSolutionNode = FALSE
	EndGlobalSection
	GlobalSection(ExtensibilityGlobals) = postSolution
		SolutionGuid = {2C7F9975-4289-46AC-9108-91B5037003D8}
	EndGlobalSection
EndGlobal
